
Microsoft Visual Studio Solution File, Format Version 12.00
# Visual Studio Version 16
VisualStudioVersion = 16.0.30225.117
MinimumVisualStudioVersion = 10.0.40219.1
Project("{FAE04EC0-301F-11D3-BF4B-00C04F79EFBC}") = "INIWorker", "INIWorker\INIWorker.csproj", "{0EB90C2D-B4F4-466C-8929-7BA2EE41BFF3}"
EndProject
Global
	GlobalSection(SolutionConfigurationPlatforms) = preSolution
		Debug|Any CPU = Debug|Any CPU
		Release|Any CPU = Release|Any CPU
	EndGlobalSection
	GlobalSection(ProjectConfigurationPlatforms) = postSolution
		{0EB90C2D-B4F4-466C-8929-7BA2EE41BFF3}.Debug|Any CPU.ActiveCfg = Debug|Any CPU
		{0EB90C2D-B4F4-466C-8929-7BA2EE41BFF3}.Debug|Any CPU.Build.0 = Debug|Any CPU
		{0EB90C2D-B4F4-466C-8929-7BA2EE41BFF3}.Release|Any CPU.ActiveCfg = Release|Any CPU
		{0EB90C2D-B4F4-466C-8929-7BA2EE41BFF3}.Release|Any CPU.Build.0 = Release|Any CPU
	EndGlobalSection
	GlobalSection(SolutionProperties) = preSolution
		HideSolutionNode = FALSE
	EndGlobalSection
	GlobalSection(ExtensibilityGlobals) = postSolution
		SolutionGuid = {92A0A0B2-1BD3-4D84-A84A-F08FD5884B24}
	EndGlobalSection
EndGlobal
